{
  "nodes": {
    "home-manager": {
      "inputs": {
        "nixpkgs": [
          "nixpkgs"
        ]
      },
      "locked": {
        "lastModified": 1786719456,
        "narHash": "sha256-B74DLQs/VjlqyhnnX3tguWwghqJHWSJX30TKZuAljIg=",
        "owner": "nix-community",
        "repo": "home-manager",
        "rev": "83b7606dcf44abe3a94b86e8bb2b3355d22e8797",
        "type": "github"
      },
      "original": {
        "owner": "nix-community",
        "repo": "home-manager",
        "type": "github"
      }
    },
    "nixpkgs": {
      "locked": {
        "lastModified": 1786757182,
        "narHash": "sha256-6yXdh3FSlYRHUFCL3EUW+42vZ2kIoJuAL28o2xIu9F0=",
        "owner": "NixOS",
        "repo": "nixpkgs",
        "rev": "0639e165b2e207c6f2ae62dd30dc929440846ee0",
        "type": "github"
      },
      "original": {
        "owner": "NixOS",
        "ref": "nixos-unstable-small",
        "repo": "nixpkgs",
        "type": "github"
      }
    },
    "root": {
      "inputs": {
        "home-manager": "home-manager",
        "nixpkgs": "nixpkgs",
        "spicetify-nix": "spicetify-nix",
        "zen-browser": "zen-browser"
      }
    },
    "spicetify-nix": {
      "inputs": {
        "nixpkgs": [
          "nixpkgs"
        ],
        "systems": "systems"
      },
      "locked": {
        "lastModified": 1786613850,
        "narHash": "sha256-ZWdtzl8LSRFxJTvh00Vgw1oE6p3G3JpopYbQnXok8VQ=",
        "owner": "Gerg-L",
        "repo": "spicetify-nix",
        "rev": "c900155108f79f8ed6a29a8ed32c23494ce13415",
        "type": "github"
      },
      "original": {
        "owner": "Gerg-L",
        "repo": "spicetify-nix",
        "type": "github"
      }
    },
    "systems": {
      "locked": {
        "lastModified": 1681028828,
        "narHash": "sha256-Vy1rq5AaRuLzOxct8nz4T6wlgyUR7zLU309k9mBC768=",
        "owner": "nix-systems",
        "repo": "default",
        "rev": "da67096a3b9bf56a91d16901293e51ba5b49a27e",
        "type": "github"
      },
      "original": {
        "owner": "nix-systems",
        "repo": "default",
        "type": "github"
      }
    },
    "zen-browser": {
      "inputs": {
        "nixpkgs": [
          "nixpkgs"
        ]
      },
      "locked": {
        "lastModified": 1786685380,
        "narHash": "sha256-3ZuubfWk7CHPF/60w5BVrVkzdO7Oed1MgZ+ugLsgww8=",
        "owner": "youwen5",
        "repo": "zen-browser-flake",
        "rev": "e1e4aa6433a352f07059aeb8483ae42deb61f9b2",
        "type": "github"
      },
      "original": {
        "owner": "youwen5",
        "repo": "zen-browser-flake",
        "type": "github"
      }
    }
  },
  "root": "root",
  "version": 7
}
